# THIS IS AN AUTOGENERATED FILE. DO NOT EDIT THIS FILE DIRECTLY.
# yarn lockfile v1


"@pxblue/prettier-config@^1.0.2":
  version "1.0.2"
  resolved "https://registry.yarnpkg.com/@pxblue/prettier-config/-/prettier-config-1.0.2.tgz#fb00503df6557b66c3d91d43c9101e614c35d2ec"
  integrity sha512-/3cLBoTjZs3kV1ATPA/Sp0tsL7XmlV/b8HW/qt0jqR/uP5+cdXL2YIhMXQngLRa7PhpSkEiRIYK5sl0rKsXTUg==

prettier@^2.0.2:
  version "2.1.2"
  resolved "https://registry.yarnpkg.com/prettier/-/prettier-2.1.2.tgz#3050700dae2e4c8b67c4c3f666cdb8af405e1ce5"
  integrity sha512-16c7K+x4qVlJg9rEbXl7HEGmQyZlG4R9AgP+oHKRMsMsuk8s+ATStlf1NpDqyBI1HpVyfjLOeMhH2LvuNvV5Vg==
