# THIS IS AN AUTOGENERATED FILE. DO NOT EDIT THIS FILE DIRECTLY.
# yarn lockfile v1


"@pxblue/colors@^1.0.1":
  version "1.0.13"
  resolved "https://registry.yarnpkg.com/@pxblue/colors/-/colors-1.0.13.tgz#1ed76734267f77dd4b390836f61d01439fc35132"
  integrity sha512-tneNNYclHmNNIbo6J7XXEumoJZLBXqeO2LFufWxRvIs5yeVVfaJN3zWREl1oo5KP67aDixYgEKB7LH0oeTL+lQ==
