# THIS IS AN AUTOGENERATED FILE. DO NOT EDIT THIS FILE DIRECTLY.
# yarn lockfile v1


"@babel/runtime@^7.3.1", "@babel/runtime@^7.4.4", "@babel/runtime@^7.5.5", "@babel/runtime@^7.6.2", "@babel/runtime@^7.6.3":
  version "7.7.4"
  resolved "https://registry.npmjs.org/@babel/runtime/-/runtime-7.7.4.tgz#b23a856751e4bf099262f867767889c0e3fe175b"
  integrity sha512-r24eVUUr0QqNZa+qrImUk8fn5SPhHq+IfYvIoIMg0do3GdK9sMdiLKP3GYVVaxpPKORgm8KRKaNTEhAjgIpLMw==
  dependencies:
    regenerator-runtime "^0.13.2"

"@emotion/hash@^0.8.0":
  version "0.8.0"
  resolved "https://registry.yarnpkg.com/@emotion/hash/-/hash-0.8.0.tgz#bbbff68978fefdbe68ccb533bc8cbe1d1afb5413"
  integrity sha512-kBJtf7PH6aWwZ6fka3zQ0p6SBYzx4fl1LoZXE2RrnYST9Xljm7WfKJrU4g/Xr3Beg72MLrp1AWNUmuYJTL7Cow==

"@fontsource/open-sans@^4.2.2":
  version "4.2.2"
  resolved "https://registry.yarnpkg.com/@fontsource/open-sans/-/open-sans-4.2.2.tgz#59046f772136a44c5999e0189d33c6a26676630c"
  integrity sha512-NbsL1a9asJO6N/5kRxYPCy0kNhKMi9T75kl4QfIGtmpd/5IfB+UIAUxd9AICmCLaH4Osc2TImeTJj94xc9MNKg==

"@material-ui/core@>=4.0.0":
  version "4.9.8"
  resolved "https://registry.yarnpkg.com/@material-ui/core/-/core-4.9.8.tgz#21c37a9aadf4ff8a2719b8cfcad0ae9e6ca53791"
  integrity sha512-4cslpG6oLoPWUfwPkX+hvbak4hAGiOfgXOu/UIYeeMrtsTEebC0Mirjoby7zhS4ny86YI3rXEFW6EZDmlj5n5w==
  dependencies:
    "@babel/runtime" "^7.4.4"
    "@material-ui/styles" "^4.9.6"
    "@material-ui/system" "^4.9.6"
    "@material-ui/types" "^5.0.0"
    "@material-ui/utils" "^4.9.6"
    "@types/react-transition-group" "^4.2.0"
    clsx "^1.0.2"
    hoist-non-react-statics "^3.3.2"
    popper.js "^1.14.1"
    prop-types "^15.7.2"
    react-is "^16.8.0"
    react-transition-group "^4.3.0"

"@material-ui/styles@^4.9.6":
  version "4.9.6"
  resolved "https://registry.yarnpkg.com/@material-ui/styles/-/styles-4.9.6.tgz#924a30bf7c9b91af9c8f19c12c8573b8a4ecd085"
  integrity sha512-ijgwStEkw1OZ6gCz18hkjycpr/3lKs1hYPi88O/AUn4vMuuGEGAIrqKVFq/lADmZUNF3DOFIk8LDkp7zmjPxtA==
  dependencies:
    "@babel/runtime" "^7.4.4"
    "@emotion/hash" "^0.8.0"
    "@material-ui/types" "^5.0.0"
    "@material-ui/utils" "^4.9.6"
    clsx "^1.0.2"
    csstype "^2.5.2"
    hoist-non-react-statics "^3.3.2"
    jss "^10.0.3"
    jss-plugin-camel-case "^10.0.3"
    jss-plugin-default-unit "^10.0.3"
    jss-plugin-global "^10.0.3"
    jss-plugin-nested "^10.0.3"
    jss-plugin-props-sort "^10.0.3"
    jss-plugin-rule-value-function "^10.0.3"
    jss-plugin-vendor-prefixer "^10.0.3"
    prop-types "^15.7.2"

"@material-ui/system@^4.9.6":
  version "4.9.6"
  resolved "https://registry.yarnpkg.com/@material-ui/system/-/system-4.9.6.tgz#fd060540224da4d1740da8ca6e7af288e217717e"
  integrity sha512-QtfoAePyqXoZ2HUVSwGb1Ro0kucMCvVjbI0CdYIR21t0Opgfm1Oer6ni9P5lfeXA39xSt0wCierw37j+YES48Q==
  dependencies:
    "@babel/runtime" "^7.4.4"
    "@material-ui/utils" "^4.9.6"
    prop-types "^15.7.2"

"@material-ui/types@^5.0.0":
  version "5.0.0"
  resolved "https://registry.yarnpkg.com/@material-ui/types/-/types-5.0.0.tgz#26d6259dc6b39f4c2e1e9aceff7a11e031941741"
  integrity sha512-UeH2BuKkwDndtMSS0qgx1kCzSMw+ydtj0xx/XbFtxNSTlXydKwzs5gVW5ZKsFlAkwoOOQ9TIsyoCC8hq18tOwg==

"@material-ui/utils@^4.9.6":
  version "4.9.6"
  resolved "https://registry.yarnpkg.com/@material-ui/utils/-/utils-4.9.6.tgz#5f1f9f6e4df9c8b6a263293b68c94834248ff157"
  integrity sha512-gqlBn0JPPTUZeAktn1rgMcy9Iczrr74ecx31tyZLVGdBGGzsxzM6PP6zeS7FuoLS6vG4hoZP7hWnOoHtkR0Kvw==
  dependencies:
    "@babel/runtime" "^7.4.4"
    prop-types "^15.7.2"
    react-is "^16.8.0"

"@pxblue/colors@^3.0.0":
  version "3.0.0"
  resolved "https://registry.yarnpkg.com/@pxblue/colors/-/colors-3.0.0.tgz#080fb5cfd5a08fea018ece7cac8022ed38f7878f"
  integrity sha512-rMFW4an1V9M5KX4BiNzrbbaYe2fic4o9iGL8/bPYvITbeiwgAapyFX0VbMIoo8XKlIbNaxyn7oWnrxzI/tp8Rw==
  dependencies:
    "@pxblue/types" "^2.0.0"

"@pxblue/types@^2.0.0":
  version "2.0.0"
  resolved "https://registry.yarnpkg.com/@pxblue/types/-/types-2.0.0.tgz#3df970352aca5256974a10a97d75a2264bad1eba"
  integrity sha512-rHABCqYALGjrDxdCfw/v4mFsHhE9y9+vdSD3VHfIzA3HY1g1Bp/VWwEuEXWbtj2H5n75D+jkMQZ0rTqSKY3vLw==

"@types/color-convert@*":
  version "2.0.0"
  resolved "https://registry.yarnpkg.com/@types/color-convert/-/color-convert-2.0.0.tgz#8f5ee6b9e863dcbee5703f5a517ffb13d3ea4e22"
  integrity sha512-m7GG7IKKGuJUXvkZ1qqG3ChccdIM/qBBo913z+Xft0nKCX4hAU/IxKwZBU4cpRZ7GS5kV4vOblUkILtSShCPXQ==
  dependencies:
    "@types/color-name" "*"

"@types/color-name@*":
  version "1.1.1"
  resolved "https://registry.yarnpkg.com/@types/color-name/-/color-name-1.1.1.tgz#1c1261bbeaa10a8055bbc5d8ab84b7b2afc846a0"
  integrity sha512-rr+OQyAjxze7GgWrSaJwydHStIhHq2lvY3BOC2Mj7KnzI7XK0Uw1TOOdI9lDoajEbSWLiYgoo4f1R51erQfhPQ==

"@types/color@^3.0.1":
  version "3.0.1"
  resolved "https://registry.yarnpkg.com/@types/color/-/color-3.0.1.tgz#2900490ed04da8116c5058cd5dba3572d5a25071"
  integrity sha512-oeUWVaAwI+xINDUx+3F2vJkl/vVB03VChFF/Gl3iQCdbcakjuoJyMOba+3BXRtnBhxZ7uBYqQBi9EpLnvSoztA==
  dependencies:
    "@types/color-convert" "*"

"@types/prop-types@*":
  version "15.7.3"
  resolved "https://registry.npmjs.org/@types/prop-types/-/prop-types-15.7.3.tgz#2ab0d5da2e5815f94b0b9d4b95d1e5f243ab2ca7"
  integrity sha512-KfRL3PuHmqQLOG+2tGpRO26Ctg+Cq1E01D2DMriKEATHgWLfeNDmq9e29Q9WIky0dQ3NPkd1mzYH8Lm936Z9qw==

"@types/react-transition-group@^4.2.0":
  version "4.2.3"
  resolved "https://registry.npmjs.org/@types/react-transition-group/-/react-transition-group-4.2.3.tgz#4924133f7268694058e415bf7aea2d4c21131470"
  integrity sha512-Hk8jiuT7iLOHrcjKP/ZVSyCNXK73wJAUz60xm0mVhiRujrdiI++j4duLiL282VGxwAgxetHQFfqA29LgEeSkFA==
  dependencies:
    "@types/react" "*"

"@types/react@*":
  version "16.9.13"
  resolved "https://registry.npmjs.org/@types/react/-/react-16.9.13.tgz#b3ea5dd443f4a680599e2abba8cc66f5e1ce0059"
  integrity sha512-LikzRslbiufJYHyzbHSW0GrAiff8QYLMBFeZmSxzCYGXKxi8m/1PHX+rsVOwhr7mJNq+VIu2Dhf7U6mjFERK6w==
  dependencies:
    "@types/prop-types" "*"
    csstype "^2.2.0"

clsx@^1.0.2:
  version "1.0.4"
  resolved "https://registry.npmjs.org/clsx/-/clsx-1.0.4.tgz#0c0171f6d5cb2fe83848463c15fcc26b4df8c2ec"
  integrity sha512-1mQ557MIZTrL/140j+JVdRM6e31/OA4vTYxXgqIIZlndyfjHpyawKZia1Im05Vp9BWmImkcNrNtFYQMyFcgJDg==

color-convert@^1.9.1:
  version "1.9.3"
  resolved "https://registry.yarnpkg.com/color-convert/-/color-convert-1.9.3.tgz#bb71850690e1f136567de629d2d5471deda4c1e8"
  integrity sha512-QfAUtd+vFdAtFQcC8CCyYt1fYWxSqAiK2cSD6zDB8N3cpsEBAvRxp9zOGg6G/SHHJYAT88/az/IuDGALsNVbGg==
  dependencies:
    color-name "1.1.3"

color-name@1.1.3:
  version "1.1.3"
  resolved "https://registry.yarnpkg.com/color-name/-/color-name-1.1.3.tgz#a7d0558bd89c42f795dd42328f740831ca53bc25"
  integrity sha1-p9BVi9icQveV3UIyj3QIMcpTvCU=

color-name@^1.0.0:
  version "1.1.4"
  resolved "https://registry.yarnpkg.com/color-name/-/color-name-1.1.4.tgz#c2a09a87acbde69543de6f63fa3995c826c536a2"
  integrity sha512-dOy+3AuW3a2wNbZHIuMZpTcgjGuLU/uBL/ubcZF9OXbDo8ff4O8yVp5Bf0efS8uEoYo5q4Fx7dY9OgQGXgAsQA==

color-string@^1.5.4:
  version "1.5.4"
  resolved "https://registry.yarnpkg.com/color-string/-/color-string-1.5.4.tgz#dd51cd25cfee953d138fe4002372cc3d0e504cb6"
  integrity sha512-57yF5yt8Xa3czSEW1jfQDE79Idk0+AkN/4KWad6tbdxUmAs3MvjxlWSWD4deYytcRfoZ9nhKyFl1kj5tBvidbw==
  dependencies:
    color-name "^1.0.0"
    simple-swizzle "^0.2.2"

color@^3.1.3:
  version "3.1.3"
  resolved "https://registry.yarnpkg.com/color/-/color-3.1.3.tgz#ca67fb4e7b97d611dcde39eceed422067d91596e"
  integrity sha512-xgXAcTHa2HeFCGLE9Xs/R82hujGtu9Jd9x4NW3T34+OMs7VoPsjwzRczKHvTAHeJwWFwX5j15+MgAppE8ztObQ==
  dependencies:
    color-convert "^1.9.1"
    color-string "^1.5.4"

css-vendor@^2.0.7:
  version "2.0.7"
  resolved "https://registry.yarnpkg.com/css-vendor/-/css-vendor-2.0.7.tgz#4e6d53d953c187981576d6a542acc9fb57174bda"
  integrity sha512-VS9Rjt79+p7M0WkPqcAza4Yq1ZHrsHrwf7hPL/bjQB+c1lwmAI+1FXxYTYt818D/50fFVflw0XKleiBN5RITkg==
  dependencies:
    "@babel/runtime" "^7.6.2"
    is-in-browser "^1.0.2"

csstype@^2.2.0, csstype@^2.5.2, csstype@^2.6.5, csstype@^2.6.7:
  version "2.6.7"
  resolved "https://registry.npmjs.org/csstype/-/csstype-2.6.7.tgz#20b0024c20b6718f4eda3853a1f5a1cce7f5e4a5"
  integrity sha512-9Mcn9sFbGBAdmimWb2gLVDtFJzeKtDGIr76TUqmjZrw9LFXBMSU70lcs+C0/7fyCd6iBDqmksUcCOUIkisPHsQ==

dom-helpers@^5.0.1:
  version "5.1.3"
  resolved "https://registry.npmjs.org/dom-helpers/-/dom-helpers-5.1.3.tgz#7233248eb3a2d1f74aafca31e52c5299cc8ce821"
  integrity sha512-nZD1OtwfWGRBWlpANxacBEZrEuLa16o1nh7YopFWeoF68Zt8GGEmzHu6Xv4F3XaFIC+YXtTLrzgqKxFgLEe4jw==
  dependencies:
    "@babel/runtime" "^7.6.3"
    csstype "^2.6.7"

hoist-non-react-statics@^3.3.2:
  version "3.3.2"
  resolved "https://registry.yarnpkg.com/hoist-non-react-statics/-/hoist-non-react-statics-3.3.2.tgz#ece0acaf71d62c2969c2ec59feff42a4b1a85b45"
  integrity sha512-/gGivxi8JPKWNm/W0jSmzcMPpfpPLc3dY/6GxhX2hQ9iGj3aDfklV4ET7NjKpSinLpJ5vafa9iiGIEZg10SfBw==
  dependencies:
    react-is "^16.7.0"

hyphenate-style-name@^1.0.3:
  version "1.0.3"
  resolved "https://registry.npmjs.org/hyphenate-style-name/-/hyphenate-style-name-1.0.3.tgz#097bb7fa0b8f1a9cf0bd5c734cf95899981a9b48"
  integrity sha512-EcuixamT82oplpoJ2XU4pDtKGWQ7b00CD9f1ug9IaQ3p1bkHMiKCZ9ut9QDI6qsa6cpUuB+A/I+zLtdNK4n2DQ==

is-arrayish@^0.3.1:
  version "0.3.2"
  resolved "https://registry.yarnpkg.com/is-arrayish/-/is-arrayish-0.3.2.tgz#4574a2ae56f7ab206896fb431eaeed066fdf8f03"
  integrity sha512-eVRqCvVlZbuw3GrM63ovNSNAeA1K16kaR/LRY/92w0zxQ5/1YzwblUX652i4Xs9RwAGjW9d9y6X88t8OaAJfWQ==

is-in-browser@^1.0.2, is-in-browser@^1.1.3:
  version "1.1.3"
  resolved "https://registry.npmjs.org/is-in-browser/-/is-in-browser-1.1.3.tgz#56ff4db683a078c6082eb95dad7dc62e1d04f835"
  integrity sha1-Vv9NtoOgeMYILrldrX3GLh0E+DU=

"js-tokens@^3.0.0 || ^4.0.0":
  version "4.0.0"
  resolved "https://registry.npmjs.org/js-tokens/-/js-tokens-4.0.0.tgz#19203fb59991df98e3a287050d4647cdeaf32499"
  integrity sha512-RdJUflcE3cUzKiMqQgsCu06FPu9UdIJO0beYbPhHN4k6apgJtifcoCtT9bcxOpYBtpD2kCM6Sbzg4CausW/PKQ==

jss-plugin-camel-case@^10.0.3:
  version "10.1.1"
  resolved "https://registry.yarnpkg.com/jss-plugin-camel-case/-/jss-plugin-camel-case-10.1.1.tgz#8e73ecc4f1d0f8dfe4dd31f6f9f2782588970e78"
  integrity sha512-MDIaw8FeD5uFz1seQBKz4pnvDLnj5vIKV5hXSVdMaAVq13xR6SVTVWkIV/keyTs5txxTvzGJ9hXoxgd1WTUlBw==
  dependencies:
    "@babel/runtime" "^7.3.1"
    hyphenate-style-name "^1.0.3"
    jss "10.1.1"

jss-plugin-default-unit@^10.0.3:
  version "10.1.1"
  resolved "https://registry.yarnpkg.com/jss-plugin-default-unit/-/jss-plugin-default-unit-10.1.1.tgz#2df86016dfe73085eead843f5794e3890e9c5c47"
  integrity sha512-UkeVCA/b3QEA4k0nIKS4uWXDCNmV73WLHdh2oDGZZc3GsQtlOCuiH3EkB/qI60v2MiCq356/SYWsDXt21yjwdg==
  dependencies:
    "@babel/runtime" "^7.3.1"
    jss "10.1.1"

jss-plugin-global@^10.0.3:
  version "10.1.1"
  resolved "https://registry.yarnpkg.com/jss-plugin-global/-/jss-plugin-global-10.1.1.tgz#36b0d6d9facb74dfd99590643708a89260747d14"
  integrity sha512-VBG3wRyi3Z8S4kMhm8rZV6caYBegsk+QnQZSVmrWw6GVOT/Z4FA7eyMu5SdkorDlG/HVpHh91oFN56O4R9m2VA==
  dependencies:
    "@babel/runtime" "^7.3.1"
    jss "10.1.1"

jss-plugin-nested@^10.0.3:
  version "10.1.1"
  resolved "https://registry.yarnpkg.com/jss-plugin-nested/-/jss-plugin-nested-10.1.1.tgz#5c3de2b8bda344de1ebcef3a4fd30870a29a8a8c"
  integrity sha512-ozEu7ZBSVrMYxSDplPX3H82XHNQk2DQEJ9TEyo7OVTPJ1hEieqjDFiOQOxXEj9z3PMqkylnUbvWIZRDKCFYw5Q==
  dependencies:
    "@babel/runtime" "^7.3.1"
    jss "10.1.1"
    tiny-warning "^1.0.2"

jss-plugin-props-sort@^10.0.3:
  version "10.1.1"
  resolved "https://registry.yarnpkg.com/jss-plugin-props-sort/-/jss-plugin-props-sort-10.1.1.tgz#34bddcbfaf9430ec8ccdf92729f03bb10caf1785"
  integrity sha512-g/joK3eTDZB4pkqpZB38257yD4LXB0X15jxtZAGbUzcKAVUHPl9Jb47Y7lYmiGsShiV4YmQRqG1p2DHMYoK91g==
  dependencies:
    "@babel/runtime" "^7.3.1"
    jss "10.1.1"

jss-plugin-rule-value-function@^10.0.3:
  version "10.1.1"
  resolved "https://registry.yarnpkg.com/jss-plugin-rule-value-function/-/jss-plugin-rule-value-function-10.1.1.tgz#be00dac6fc394aaddbcef5860b9eca6224d96382"
  integrity sha512-ClV1lvJ3laU9la1CUzaDugEcwnpjPTuJ0yGy2YtcU+gG/w9HMInD5vEv7xKAz53Bk4WiJm5uLOElSEshHyhKNw==
  dependencies:
    "@babel/runtime" "^7.3.1"
    jss "10.1.1"

jss-plugin-vendor-prefixer@^10.0.3:
  version "10.1.1"
  resolved "https://registry.yarnpkg.com/jss-plugin-vendor-prefixer/-/jss-plugin-vendor-prefixer-10.1.1.tgz#8348b20749f790beebab3b6a8f7075b07c2cfcfd"
  integrity sha512-09MZpQ6onQrhaVSF6GHC4iYifQ7+4YC/tAP6D4ZWeZotvCMq1mHLqNKRIaqQ2lkgANjlEot2JnVi1ktu4+L4pw==
  dependencies:
    "@babel/runtime" "^7.3.1"
    css-vendor "^2.0.7"
    jss "10.1.1"

jss@10.1.1, jss@^10.0.3:
  version "10.1.1"
  resolved "https://registry.yarnpkg.com/jss/-/jss-10.1.1.tgz#450b27d53761af3e500b43130a54cdbe157ea332"
  integrity sha512-Xz3qgRUFlxbWk1czCZibUJqhVPObrZHxY3FPsjCXhDld4NOj1BgM14Ir5hVm+Qr6OLqVljjGvoMcCdXNOAbdkQ==
  dependencies:
    "@babel/runtime" "^7.3.1"
    csstype "^2.6.5"
    is-in-browser "^1.1.3"
    tiny-warning "^1.0.2"

loose-envify@^1.4.0:
  version "1.4.0"
  resolved "https://registry.npmjs.org/loose-envify/-/loose-envify-1.4.0.tgz#71ee51fa7be4caec1a63839f7e682d8132d30caf"
  integrity sha512-lyuxPGr/Wfhrlem2CL/UcnUc1zcqKAImBDzukY7Y5F/yQiNdko6+fRLevlw1HgMySw7f611UIY408EtxRSoK3Q==
  dependencies:
    js-tokens "^3.0.0 || ^4.0.0"

object-assign@^4.1.1:
  version "4.1.1"
  resolved "https://registry.npmjs.org/object-assign/-/object-assign-4.1.1.tgz#2109adc7965887cfc05cbbd442cac8bfbb360863"
  integrity sha1-IQmtx5ZYh8/AXLvUQsrIv7s2CGM=

popper.js@^1.14.1:
  version "1.16.0"
  resolved "https://registry.npmjs.org/popper.js/-/popper.js-1.16.0.tgz#2e1816bcbbaa518ea6c2e15a466f4cb9c6e2fbb3"
  integrity sha512-+G+EkOPoE5S/zChTpmBSSDYmhXJ5PsW8eMhH8cP/CQHMFPBG/kC9Y5IIw6qNYgdJ+/COf0ddY2li28iHaZRSjw==

prop-types@^15.6.2, prop-types@^15.7.2:
  version "15.7.2"
  resolved "https://registry.npmjs.org/prop-types/-/prop-types-15.7.2.tgz#52c41e75b8c87e72b9d9360e0206b99dcbffa6c5"
  integrity sha512-8QQikdH7//R2vurIJSutZ1smHYTcLpRWEOlHnzcWHmBYrOGUysKwSsrC89BCiFj3CbrfJ/nXFdJepOVrY1GCHQ==
  dependencies:
    loose-envify "^1.4.0"
    object-assign "^4.1.1"
    react-is "^16.8.1"

react-is@^16.7.0, react-is@^16.8.0, react-is@^16.8.1:
  version "16.12.0"
  resolved "https://registry.npmjs.org/react-is/-/react-is-16.12.0.tgz#2cc0fe0fba742d97fd527c42a13bec4eeb06241c"
  integrity sha512-rPCkf/mWBtKc97aLL9/txD8DZdemK0vkA3JMLShjlJB3Pj3s+lpf1KaBzMfQrAmhMQB0n1cU/SUGgKKBCe837Q==

react-transition-group@^4.3.0:
  version "4.3.0"
  resolved "https://registry.npmjs.org/react-transition-group/-/react-transition-group-4.3.0.tgz#fea832e386cf8796c58b61874a3319704f5ce683"
  integrity sha512-1qRV1ZuVSdxPlPf4O8t7inxUGpdyO5zG9IoNfJxSO0ImU2A1YWkEQvFPuIPZmMLkg5hYs7vv5mMOyfgSkvAwvw==
  dependencies:
    "@babel/runtime" "^7.5.5"
    dom-helpers "^5.0.1"
    loose-envify "^1.4.0"
    prop-types "^15.6.2"

regenerator-runtime@^0.13.2:
  version "0.13.3"
  resolved "https://registry.npmjs.org/regenerator-runtime/-/regenerator-runtime-0.13.3.tgz#7cf6a77d8f5c6f60eb73c5fc1955b2ceb01e6bf5"
  integrity sha512-naKIZz2GQ8JWh///G7L3X6LaQUAMp2lvb1rvwwsURe/VXwD6VMfr+/1NuNw3ag8v2kY1aQ/go5SNn79O9JU7yw==

simple-swizzle@^0.2.2:
  version "0.2.2"
  resolved "https://registry.yarnpkg.com/simple-swizzle/-/simple-swizzle-0.2.2.tgz#a4da6b635ffcccca33f70d17cb92592de95e557a"
  integrity sha1-pNprY1/8zMoz9w0Xy5JZLeleVXo=
  dependencies:
    is-arrayish "^0.3.1"

tiny-warning@^1.0.2:
  version "1.0.3"
  resolved "https://registry.npmjs.org/tiny-warning/-/tiny-warning-1.0.3.tgz#94a30db453df4c643d0fd566060d60a875d84754"
  integrity sha512-lBN9zLN/oAf68o3zNXYrdCt1kP8WsiGW8Oo2ka41b2IM5JL/S1CTyX1rW0mb/zSuJun0ZUrDxx4sqvYS2FWzPA==

typescript@^4.2.3:
  version "4.2.3"
  resolved "https://registry.yarnpkg.com/typescript/-/typescript-4.2.3.tgz#39062d8019912d43726298f09493d598048c1ce3"
  integrity sha512-qOcYwxaByStAWrBf4x0fibwZvMRG+r4cQoTjbPtUlrWjBHbmCAww1i448U0GJ+3cNNEtebDteo/cHOR3xJ4wEw==
