# THIS IS AN AUTOGENERATED FILE. DO NOT EDIT THIS FILE DIRECTLY.
# yarn lockfile v1


"@pxblue/colors@^2.0.0":
  version "2.0.0"
  resolved "https://registry.yarnpkg.com/@pxblue/colors/-/colors-2.0.0.tgz#fa7d2abde80485537f26521df4c3f6e56dd93361"
  integrity sha512-1JoCVC17nHmC6bbqg2nCAHJgJLHAWNIAmS/UZ3h8u0TnvU5C6qI+CpCrn/sP6bNSQ3LLhEkdVpjKna1kxCXdhg==

typescript@^3.7.2:
  version "3.7.2"
  resolved "https://registry.yarnpkg.com/typescript/-/typescript-3.7.2.tgz#27e489b95fa5909445e9fef5ee48d81697ad18fb"
  integrity sha512-ml7V7JfiN2Xwvcer+XAf2csGO1bPBdRbFCkYBczNZggrBZ9c7G3riSUeJmqEU5uOtXNPMhE3n+R4FA/3YOAWOQ==
