# THIS IS AN AUTOGENERATED FILE. DO NOT EDIT THIS FILE DIRECTLY.
# yarn lockfile v1


"@pxblue/colors@^3.0.0":
  version "3.0.0"
  resolved "https://registry.yarnpkg.com/@pxblue/colors/-/colors-3.0.0.tgz#080fb5cfd5a08fea018ece7cac8022ed38f7878f"
  integrity sha512-rMFW4an1V9M5KX4BiNzrbbaYe2fic4o9iGL8/bPYvITbeiwgAapyFX0VbMIoo8XKlIbNaxyn7oWnrxzI/tp8Rw==
  dependencies:
    "@pxblue/types" "^2.0.0"

"@pxblue/types@^2.0.0":
  version "2.0.0"
  resolved "https://registry.yarnpkg.com/@pxblue/types/-/types-2.0.0.tgz#3df970352aca5256974a10a97d75a2264bad1eba"
  integrity sha512-rHABCqYALGjrDxdCfw/v4mFsHhE9y9+vdSD3VHfIzA3HY1g1Bp/VWwEuEXWbtj2H5n75D+jkMQZ0rTqSKY3vLw==

typeface-open-sans@^0.0.75:
  version "0.0.75"
  resolved "https://registry.yarnpkg.com/typeface-open-sans/-/typeface-open-sans-0.0.75.tgz#20d0c330f14c0c40463c334adbedd6005389abe4"
  integrity sha512-0lLmB7pfj113OP4T78SbpSmC4OCdFQ0vUxdSXQccsSb6qF76F92iEuC/DghFgmPswTyidk8+Hwf+PS/htiJoRQ==
