# THIS IS AN AUTOGENERATED FILE. DO NOT EDIT THIS FILE DIRECTLY.
# yarn lockfile v1


"@pxblue/colors@^2.0.0":
  version "2.0.1"
  resolved "https://registry.yarnpkg.com/@pxblue/colors/-/colors-2.0.1.tgz#d24dae5bc6c3b9755b52a22738aa567bfeea3b8c"
  integrity sha512-Uceh+1Bd0acoC+KulmhxrUOkWMlOgnqXFLS02l5SHYRL3ggyjSgHBVMRp2DLt24e/OJn5tAOoNJTC9q77U297w==
  dependencies:
    "@pxblue/types" "^1.0.0"

"@pxblue/prettier-config@^1.0.2":
  version "1.0.2"
  resolved "https://registry.yarnpkg.com/@pxblue/prettier-config/-/prettier-config-1.0.2.tgz#fb00503df6557b66c3d91d43c9101e614c35d2ec"
  integrity sha512-/3cLBoTjZs3kV1ATPA/Sp0tsL7XmlV/b8HW/qt0jqR/uP5+cdXL2YIhMXQngLRa7PhpSkEiRIYK5sl0rKsXTUg==

"@pxblue/types@^1.0.0":
  version "1.0.0"
  resolved "https://registry.yarnpkg.com/@pxblue/types/-/types-1.0.0.tgz#befa98a12ae95a407c252399c69677aa7427d97e"
  integrity sha512-K0liTITRTZfv7n/2UmbP0g/nTelr3aaDlA5XleGqC+1hLRab20MpVaOSgLRiU8+4f0vayGtbBm63HyHgoXMROw==

prettier@^2.0.4:
  version "2.0.4"
  resolved "https://registry.yarnpkg.com/prettier/-/prettier-2.0.4.tgz#2d1bae173e355996ee355ec9830a7a1ee05457ef"
  integrity sha512-SVJIQ51spzFDvh4fIbCLvciiDMCrRhlN3mbZvv/+ycjvmF5E73bKdGfU8QDLNmjYJf+lsGnDBC4UUnvTe5OO0w==

typeface-open-sans@^0.0.75:
  version "0.0.75"
  resolved "https://registry.yarnpkg.com/typeface-open-sans/-/typeface-open-sans-0.0.75.tgz#20d0c330f14c0c40463c334adbedd6005389abe4"
  integrity sha512-0lLmB7pfj113OP4T78SbpSmC4OCdFQ0vUxdSXQccsSb6qF76F92iEuC/DghFgmPswTyidk8+Hwf+PS/htiJoRQ==
