# THIS IS AN AUTOGENERATED FILE. DO NOT EDIT THIS FILE DIRECTLY.
# yarn lockfile v1


"@angular/material@>=8.2.0":
  version "10.0.1"
  resolved "https://registry.yarnpkg.com/@angular/material/-/material-10.0.1.tgz#f59988499d20ee4ab93292d7e9a9d16ce24839f0"
  integrity sha512-4xGIupOiPbyYG/tTbVhgjATRZSRf+Xj2FGkX3csSlIOvhrFtN1B9gTlcbOjzWHPpWTFChZALzMXA/841KA9QqA==
  dependencies:
    tslib "^2.0.0"

"@pxblue/colors@^3.0.0":
  version "3.0.0"
  resolved "https://registry.yarnpkg.com/@pxblue/colors/-/colors-3.0.0.tgz#080fb5cfd5a08fea018ece7cac8022ed38f7878f"
  integrity sha512-rMFW4an1V9M5KX4BiNzrbbaYe2fic4o9iGL8/bPYvITbeiwgAapyFX0VbMIoo8XKlIbNaxyn7oWnrxzI/tp8Rw==
  dependencies:
    "@pxblue/types" "^2.0.0"

"@pxblue/prettier-config@^1.0.2":
  version "1.0.2"
  resolved "https://registry.yarnpkg.com/@pxblue/prettier-config/-/prettier-config-1.0.2.tgz#fb00503df6557b66c3d91d43c9101e614c35d2ec"
  integrity sha512-/3cLBoTjZs3kV1ATPA/Sp0tsL7XmlV/b8HW/qt0jqR/uP5+cdXL2YIhMXQngLRa7PhpSkEiRIYK5sl0rKsXTUg==

"@pxblue/types@^2.0.0":
  version "2.0.0"
  resolved "https://registry.yarnpkg.com/@pxblue/types/-/types-2.0.0.tgz#3df970352aca5256974a10a97d75a2264bad1eba"
  integrity sha512-rHABCqYALGjrDxdCfw/v4mFsHhE9y9+vdSD3VHfIzA3HY1g1Bp/VWwEuEXWbtj2H5n75D+jkMQZ0rTqSKY3vLw==

prettier@^2.0.4:
  version "2.0.5"
  resolved "https://registry.yarnpkg.com/prettier/-/prettier-2.0.5.tgz#d6d56282455243f2f92cc1716692c08aa31522d4"
  integrity sha512-7PtVymN48hGcO4fGjybyBSIWDsLU4H4XlvOHfq91pz9kkGlonzwTfYkaIEwiRg/dAJF9YlbsduBAgtYLi+8cFg==

tslib@^2.0.0:
  version "2.0.0"
  resolved "https://registry.yarnpkg.com/tslib/-/tslib-2.0.0.tgz#18d13fc2dce04051e20f074cc8387fd8089ce4f3"
  integrity sha512-lTqkx847PI7xEDYJntxZH89L2/aXInsyF2luSafe/+0fHOMjlBNXdH6th7f70qxLDhul7KZK0zC8V5ZIyHl0/g==

typeface-open-sans@^0.0.75:
  version "0.0.75"
  resolved "https://registry.yarnpkg.com/typeface-open-sans/-/typeface-open-sans-0.0.75.tgz#20d0c330f14c0c40463c334adbedd6005389abe4"
  integrity sha512-0lLmB7pfj113OP4T78SbpSmC4OCdFQ0vUxdSXQccsSb6qF76F92iEuC/DghFgmPswTyidk8+Hwf+PS/htiJoRQ==
